
Microsoft Visual Studio Solution File, Format Version 12.00
# Visual Studio 15
VisualStudioVersion = 15.0.27004.2002
MinimumVisualStudioVersion = 10.0.40219.1
Project("{2150E333-8FDC-42A3-9474-1A3956D46DE8}") = "src", "src", "{FFA2FB40-D30D-4C6A-ADB2-FE083A3E177F}"
EndProject
Project("{2150E333-8FDC-42A3-9474-1A3956D46DE8}") = "Solution Items", "Solution Items", "{AEB1C29F-4B6A-4BF5-9417-61CCAA9DA9A7}"
EndProject
Project("{2150E333-8FDC-42A3-9474-1A3956D46DE8}") = "Modules", "Modules", "{189BC8F0-10BE-422D-87CE-53ED8DDB7146}"
EndProject
Project("{9A19103F-16F7-4668-BE54-9A1E7A4F7556}") = "Framework", "src\Framework\Framework.csproj", "{4D34B1D8-BA6B-4EC4-8A9A-B9DF67478642}"
EndProject
Project("{9A19103F-16F7-4668-BE54-9A1E7A4F7556}") = "MainProject", "src\MainProject\MainProject.csproj", "{B949927F-098F-45FB-9910-BBBBFB7E4199}"
EndProject
Project("{9A19103F-16F7-4668-BE54-9A1E7A4F7556}") = "PersonalTrainerControlPanel.WebGUI", "src\MainProject\Modules\PersonalTrainerControlPanel.WebGUI\PersonalTrainerControlPanel.WebGUI.csproj", "{DBA8B035-F5FC-4402-84D7-33FCC12E53AD}"
EndProject
Project("{9A19103F-16F7-4668-BE54-9A1E7A4F7556}") = "PersonalTrainerCore", "src\MainProject\Modules\PersonalTrainerCore\PersonalTrainerCore.csproj", "{49497B3F-A8A0-4B79-8474-ABCAE601DCDD}"
EndProject
Project("{9A19103F-16F7-4668-BE54-9A1E7A4F7556}") = "PersonalTrainerCore.WebGUI", "src\MainProject\Modules\PersonalTrainerCore.WebGUI\PersonalTrainerCore.WebGUI.csproj", "{4FD910B1-DDAB-4B47-AA98-3286C0F066E7}"
EndProject
Project("{9A19103F-16F7-4668-BE54-9A1E7A4F7556}") = "PersonalTrainerDiet", "src\MainProject\Modules\PersonalTrainerDiet\PersonalTrainerDiet.csproj", "{A960E789-613A-4C9C-AA68-D73CCC9875BD}"
EndProject
Project("{9A19103F-16F7-4668-BE54-9A1E7A4F7556}") = "PersonalTrainerDiet.WebGUI", "src\MainProject\Modules\PersonalTrainerDiet.WebGUI\PersonalTrainerDiet.WebGUI.csproj", "{566EE137-56DA-4925-AB3F-A80D4983A8BB}"
EndProject
Project("{9A19103F-16F7-4668-BE54-9A1E7A4F7556}") = "PersonalTrainerControlPanel", "src\MainProject\Modules\PersonalTrainerControlPanel\PersonalTrainerControlPanel.csproj", "{7E09E307-7425-4AEA-A580-CC8B8FDA30F4}"
EndProject
Global
	GlobalSection(SolutionConfigurationPlatforms) = preSolution
		Debug|Any CPU = Debug|Any CPU
		Debug|ARM = Debug|ARM
		Debug|x64 = Debug|x64
		Debug|x86 = Debug|x86
		Release|Any CPU = Release|Any CPU
		Release|ARM = Release|ARM
		Release|x64 = Release|x64
		Release|x86 = Release|x86
	EndGlobalSection
	GlobalSection(ProjectConfigurationPlatforms) = postSolution
		{4D34B1D8-BA6B-4EC4-8A9A-B9DF67478642}.Debug|Any CPU.ActiveCfg = Debug|Any CPU
		{4D34B1D8-BA6B-4EC4-8A9A-B9DF67478642}.Debug|Any CPU.Build.0 = Debug|Any CPU
		{4D34B1D8-BA6B-4EC4-8A9A-B9DF67478642}.Debug|ARM.ActiveCfg = Debug|Any CPU
		{4D34B1D8-BA6B-4EC4-8A9A-B9DF67478642}.Debug|ARM.Build.0 = Debug|Any CPU
		{4D34B1D8-BA6B-4EC4-8A9A-B9DF67478642}.Debug|x64.ActiveCfg = Debug|Any CPU
		{4D34B1D8-BA6B-4EC4-8A9A-B9DF67478642}.Debug|x64.Build.0 = Debug|Any CPU
		{4D34B1D8-BA6B-4EC4-8A9A-B9DF67478642}.Debug|x86.ActiveCfg = Debug|Any CPU
		{4D34B1D8-BA6B-4EC4-8A9A-B9DF67478642}.Debug|x86.Build.0 = Debug|Any CPU
		{4D34B1D8-BA6B-4EC4-8A9A-B9DF67478642}.Release|Any CPU.ActiveCfg = Release|Any CPU
		{4D34B1D8-BA6B-4EC4-8A9A-B9DF67478642}.Release|Any CPU.Build.0 = Release|Any CPU
		{4D34B1D8-BA6B-4EC4-8A9A-B9DF67478642}.Release|ARM.ActiveCfg = Release|Any CPU
		{4D34B1D8-BA6B-4EC4-8A9A-B9DF67478642}.Release|ARM.Build.0 = Release|Any CPU
		{4D34B1D8-BA6B-4EC4-8A9A-B9DF67478642}.Release|x64.ActiveCfg = Release|Any CPU
		{4D34B1D8-BA6B-4EC4-8A9A-B9DF67478642}.Release|x64.Build.0 = Release|Any CPU
		{4D34B1D8-BA6B-4EC4-8A9A-B9DF67478642}.Release|x86.ActiveCfg = Release|Any CPU
		{4D34B1D8-BA6B-4EC4-8A9A-B9DF67478642}.Release|x86.Build.0 = Release|Any CPU
		{B949927F-098F-45FB-9910-BBBBFB7E4199}.Debug|Any CPU.ActiveCfg = Debug|Any CPU
		{B949927F-098F-45FB-9910-BBBBFB7E4199}.Debug|Any CPU.Build.0 = Debug|Any CPU
		{B949927F-098F-45FB-9910-BBBBFB7E4199}.Debug|ARM.ActiveCfg = Debug|Any CPU
		{B949927F-098F-45FB-9910-BBBBFB7E4199}.Debug|ARM.Build.0 = Debug|Any CPU
		{B949927F-098F-45FB-9910-BBBBFB7E4199}.Debug|x64.ActiveCfg = Debug|Any CPU
		{B949927F-098F-45FB-9910-BBBBFB7E4199}.Debug|x64.Build.0 = Debug|Any CPU
		{B949927F-098F-45FB-9910-BBBBFB7E4199}.Debug|x86.ActiveCfg = Debug|Any CPU
		{B949927F-098F-45FB-9910-BBBBFB7E4199}.Debug|x86.Build.0 = Debug|Any CPU
		{B949927F-098F-45FB-9910-BBBBFB7E4199}.Release|Any CPU.ActiveCfg = Release|Any CPU
		{B949927F-098F-45FB-9910-BBBBFB7E4199}.Release|Any CPU.Build.0 = Release|Any CPU
		{B949927F-098F-45FB-9910-BBBBFB7E4199}.Release|ARM.ActiveCfg = Release|Any CPU
		{B949927F-098F-45FB-9910-BBBBFB7E4199}.Release|ARM.Build.0 = Release|Any CPU
		{B949927F-098F-45FB-9910-BBBBFB7E4199}.Release|x64.ActiveCfg = Release|Any CPU
		{B949927F-098F-45FB-9910-BBBBFB7E4199}.Release|x64.Build.0 = Release|Any CPU
		{B949927F-098F-45FB-9910-BBBBFB7E4199}.Release|x86.ActiveCfg = Release|Any CPU
		{B949927F-098F-45FB-9910-BBBBFB7E4199}.Release|x86.Build.0 = Release|Any CPU
		{DBA8B035-F5FC-4402-84D7-33FCC12E53AD}.Debug|Any CPU.ActiveCfg = Debug|Any CPU
		{DBA8B035-F5FC-4402-84D7-33FCC12E53AD}.Debug|Any CPU.Build.0 = Debug|Any CPU
		{DBA8B035-F5FC-4402-84D7-33FCC12E53AD}.Debug|ARM.ActiveCfg = Debug|Any CPU
		{DBA8B035-F5FC-4402-84D7-33FCC12E53AD}.Debug|ARM.Build.0 = Debug|Any CPU
		{DBA8B035-F5FC-4402-84D7-33FCC12E53AD}.Debug|x64.ActiveCfg = Debug|Any CPU
		{DBA8B035-F5FC-4402-84D7-33FCC12E53AD}.Debug|x64.Build.0 = Debug|Any CPU
		{DBA8B035-F5FC-4402-84D7-33FCC12E53AD}.Debug|x86.ActiveCfg = Debug|Any CPU
		{DBA8B035-F5FC-4402-84D7-33FCC12E53AD}.Debug|x86.Build.0 = Debug|Any CPU
		{DBA8B035-F5FC-4402-84D7-33FCC12E53AD}.Release|Any CPU.ActiveCfg = Release|Any CPU
		{DBA8B035-F5FC-4402-84D7-33FCC12E53AD}.Release|Any CPU.Build.0 = Release|Any CPU
		{DBA8B035-F5FC-4402-84D7-33FCC12E53AD}.Release|ARM.ActiveCfg = Release|Any CPU
		{DBA8B035-F5FC-4402-84D7-33FCC12E53AD}.Release|ARM.Build.0 = Release|Any CPU
		{DBA8B035-F5FC-4402-84D7-33FCC12E53AD}.Release|x64.ActiveCfg = Release|Any CPU
		{DBA8B035-F5FC-4402-84D7-33FCC12E53AD}.Release|x64.Build.0 = Release|Any CPU
		{DBA8B035-F5FC-4402-84D7-33FCC12E53AD}.Release|x86.ActiveCfg = Release|Any CPU
		{DBA8B035-F5FC-4402-84D7-33FCC12E53AD}.Release|x86.Build.0 = Release|Any CPU
		{49497B3F-A8A0-4B79-8474-ABCAE601DCDD}.Debug|Any CPU.ActiveCfg = Debug|Any CPU
		{49497B3F-A8A0-4B79-8474-ABCAE601DCDD}.Debug|Any CPU.Build.0 = Debug|Any CPU
		{49497B3F-A8A0-4B79-8474-ABCAE601DCDD}.Debug|ARM.ActiveCfg = Debug|Any CPU
		{49497B3F-A8A0-4B79-8474-ABCAE601DCDD}.Debug|ARM.Build.0 = Debug|Any CPU
		{49497B3F-A8A0-4B79-8474-ABCAE601DCDD}.Debug|x64.ActiveCfg = Debug|Any CPU
		{49497B3F-A8A0-4B79-8474-ABCAE601DCDD}.Debug|x64.Build.0 = Debug|Any CPU
		{49497B3F-A8A0-4B79-8474-ABCAE601DCDD}.Debug|x86.ActiveCfg = Debug|Any CPU
		{49497B3F-A8A0-4B79-8474-ABCAE601DCDD}.Debug|x86.Build.0 = Debug|Any CPU
		{49497B3F-A8A0-4B79-8474-ABCAE601DCDD}.Release|Any CPU.ActiveCfg = Release|Any CPU
		{49497B3F-A8A0-4B79-8474-ABCAE601DCDD}.Release|Any CPU.Build.0 = Release|Any CPU
		{49497B3F-A8A0-4B79-8474-ABCAE601DCDD}.Release|ARM.ActiveCfg = Release|Any CPU
		{49497B3F-A8A0-4B79-8474-ABCAE601DCDD}.Release|ARM.Build.0 = Release|Any CPU
		{49497B3F-A8A0-4B79-8474-ABCAE601DCDD}.Release|x64.ActiveCfg = Release|Any CPU
		{49497B3F-A8A0-4B79-8474-ABCAE601DCDD}.Release|x64.Build.0 = Release|Any CPU
		{49497B3F-A8A0-4B79-8474-ABCAE601DCDD}.Release|x86.ActiveCfg = Release|Any CPU
		{49497B3F-A8A0-4B79-8474-ABCAE601DCDD}.Release|x86.Build.0 = Release|Any CPU
		{4FD910B1-DDAB-4B47-AA98-3286C0F066E7}.Debug|Any CPU.ActiveCfg = Debug|Any CPU
		{4FD910B1-DDAB-4B47-AA98-3286C0F066E7}.Debug|Any CPU.Build.0 = Debug|Any CPU
		{4FD910B1-DDAB-4B47-AA98-3286C0F066E7}.Debug|ARM.ActiveCfg = Debug|Any CPU
		{4FD910B1-DDAB-4B47-AA98-3286C0F066E7}.Debug|ARM.Build.0 = Debug|Any CPU
		{4FD910B1-DDAB-4B47-AA98-3286C0F066E7}.Debug|x64.ActiveCfg = Debug|Any CPU
		{4FD910B1-DDAB-4B47-AA98-3286C0F066E7}.Debug|x64.Build.0 = Debug|Any CPU
		{4FD910B1-DDAB-4B47-AA98-3286C0F066E7}.Debug|x86.ActiveCfg = Debug|Any CPU
		{4FD910B1-DDAB-4B47-AA98-3286C0F066E7}.Debug|x86.Build.0 = Debug|Any CPU
		{4FD910B1-DDAB-4B47-AA98-3286C0F066E7}.Release|Any CPU.ActiveCfg = Release|Any CPU
		{4FD910B1-DDAB-4B47-AA98-3286C0F066E7}.Release|Any CPU.Build.0 = Release|Any CPU
		{4FD910B1-DDAB-4B47-AA98-3286C0F066E7}.Release|ARM.ActiveCfg = Release|Any CPU
		{4FD910B1-DDAB-4B47-AA98-3286C0F066E7}.Release|ARM.Build.0 = Release|Any CPU
		{4FD910B1-DDAB-4B47-AA98-3286C0F066E7}.Release|x64.ActiveCfg = Release|Any CPU
		{4FD910B1-DDAB-4B47-AA98-3286C0F066E7}.Release|x64.Build.0 = Release|Any CPU
		{4FD910B1-DDAB-4B47-AA98-3286C0F066E7}.Release|x86.ActiveCfg = Release|Any CPU
		{4FD910B1-DDAB-4B47-AA98-3286C0F066E7}.Release|x86.Build.0 = Release|Any CPU
		{A960E789-613A-4C9C-AA68-D73CCC9875BD}.Debug|Any CPU.ActiveCfg = Debug|Any CPU
		{A960E789-613A-4C9C-AA68-D73CCC9875BD}.Debug|Any CPU.Build.0 = Debug|Any CPU
		{A960E789-613A-4C9C-AA68-D73CCC9875BD}.Debug|ARM.ActiveCfg = Debug|Any CPU
		{A960E789-613A-4C9C-AA68-D73CCC9875BD}.Debug|ARM.Build.0 = Debug|Any CPU
		{A960E789-613A-4C9C-AA68-D73CCC9875BD}.Debug|x64.ActiveCfg = Debug|Any CPU
		{A960E789-613A-4C9C-AA68-D73CCC9875BD}.Debug|x64.Build.0 = Debug|Any CPU
		{A960E789-613A-4C9C-AA68-D73CCC9875BD}.Debug|x86.ActiveCfg = Debug|Any CPU
		{A960E789-613A-4C9C-AA68-D73CCC9875BD}.Debug|x86.Build.0 = Debug|Any CPU
		{A960E789-613A-4C9C-AA68-D73CCC9875BD}.Release|Any CPU.ActiveCfg = Release|Any CPU
		{A960E789-613A-4C9C-AA68-D73CCC9875BD}.Release|Any CPU.Build.0 = Release|Any CPU
		{A960E789-613A-4C9C-AA68-D73CCC9875BD}.Release|ARM.ActiveCfg = Release|Any CPU
		{A960E789-613A-4C9C-AA68-D73CCC9875BD}.Release|ARM.Build.0 = Release|Any CPU
		{A960E789-613A-4C9C-AA68-D73CCC9875BD}.Release|x64.ActiveCfg = Release|Any CPU
		{A960E789-613A-4C9C-AA68-D73CCC9875BD}.Release|x64.Build.0 = Release|Any CPU
		{A960E789-613A-4C9C-AA68-D73CCC9875BD}.Release|x86.ActiveCfg = Release|Any CPU
		{A960E789-613A-4C9C-AA68-D73CCC9875BD}.Release|x86.Build.0 = Release|Any CPU
		{566EE137-56DA-4925-AB3F-A80D4983A8BB}.Debug|Any CPU.ActiveCfg = Debug|Any CPU
		{566EE137-56DA-4925-AB3F-A80D4983A8BB}.Debug|Any CPU.Build.0 = Debug|Any CPU
		{566EE137-56DA-4925-AB3F-A80D4983A8BB}.Debug|ARM.ActiveCfg = Debug|Any CPU
		{566EE137-56DA-4925-AB3F-A80D4983A8BB}.Debug|ARM.Build.0 = Debug|Any CPU
		{566EE137-56DA-4925-AB3F-A80D4983A8BB}.Debug|x64.ActiveCfg = Debug|Any CPU
		{566EE137-56DA-4925-AB3F-A80D4983A8BB}.Debug|x64.Build.0 = Debug|Any CPU
		{566EE137-56DA-4925-AB3F-A80D4983A8BB}.Debug|x86.ActiveCfg = Debug|Any CPU
		{566EE137-56DA-4925-AB3F-A80D4983A8BB}.Debug|x86.Build.0 = Debug|Any CPU
		{566EE137-56DA-4925-AB3F-A80D4983A8BB}.Release|Any CPU.ActiveCfg = Release|Any CPU
		{566EE137-56DA-4925-AB3F-A80D4983A8BB}.Release|Any CPU.Build.0 = Release|Any CPU
		{566EE137-56DA-4925-AB3F-A80D4983A8BB}.Release|ARM.ActiveCfg = Release|Any CPU
		{566EE137-56DA-4925-AB3F-A80D4983A8BB}.Release|ARM.Build.0 = Release|Any CPU
		{566EE137-56DA-4925-AB3F-A80D4983A8BB}.Release|x64.ActiveCfg = Release|Any CPU
		{566EE137-56DA-4925-AB3F-A80D4983A8BB}.Release|x64.Build.0 = Release|Any CPU
		{566EE137-56DA-4925-AB3F-A80D4983A8BB}.Release|x86.ActiveCfg = Release|Any CPU
		{566EE137-56DA-4925-AB3F-A80D4983A8BB}.Release|x86.Build.0 = Release|Any CPU
		{7E09E307-7425-4AEA-A580-CC8B8FDA30F4}.Debug|Any CPU.ActiveCfg = Debug|Any CPU
		{7E09E307-7425-4AEA-A580-CC8B8FDA30F4}.Debug|Any CPU.Build.0 = Debug|Any CPU
		{7E09E307-7425-4AEA-A580-CC8B8FDA30F4}.Debug|ARM.ActiveCfg = Debug|Any CPU
		{7E09E307-7425-4AEA-A580-CC8B8FDA30F4}.Debug|ARM.Build.0 = Debug|Any CPU
		{7E09E307-7425-4AEA-A580-CC8B8FDA30F4}.Debug|x64.ActiveCfg = Debug|Any CPU
		{7E09E307-7425-4AEA-A580-CC8B8FDA30F4}.Debug|x64.Build.0 = Debug|Any CPU
		{7E09E307-7425-4AEA-A580-CC8B8FDA30F4}.Debug|x86.ActiveCfg = Debug|Any CPU
		{7E09E307-7425-4AEA-A580-CC8B8FDA30F4}.Debug|x86.Build.0 = Debug|Any CPU
		{7E09E307-7425-4AEA-A580-CC8B8FDA30F4}.Release|Any CPU.ActiveCfg = Release|Any CPU
		{7E09E307-7425-4AEA-A580-CC8B8FDA30F4}.Release|Any CPU.Build.0 = Release|Any CPU
		{7E09E307-7425-4AEA-A580-CC8B8FDA30F4}.Release|ARM.ActiveCfg = Release|Any CPU
		{7E09E307-7425-4AEA-A580-CC8B8FDA30F4}.Release|ARM.Build.0 = Release|Any CPU
		{7E09E307-7425-4AEA-A580-CC8B8FDA30F4}.Release|x64.ActiveCfg = Release|Any CPU
		{7E09E307-7425-4AEA-A580-CC8B8FDA30F4}.Release|x64.Build.0 = Release|Any CPU
		{7E09E307-7425-4AEA-A580-CC8B8FDA30F4}.Release|x86.ActiveCfg = Release|Any CPU
		{7E09E307-7425-4AEA-A580-CC8B8FDA30F4}.Release|x86.Build.0 = Release|Any CPU
	EndGlobalSection
	GlobalSection(SolutionProperties) = preSolution
		HideSolutionNode = FALSE
	EndGlobalSection
	GlobalSection(NestedProjects) = preSolution
		{189BC8F0-10BE-422D-87CE-53ED8DDB7146} = {FFA2FB40-D30D-4C6A-ADB2-FE083A3E177F}
		{4D34B1D8-BA6B-4EC4-8A9A-B9DF67478642} = {FFA2FB40-D30D-4C6A-ADB2-FE083A3E177F}
		{B949927F-098F-45FB-9910-BBBBFB7E4199} = {FFA2FB40-D30D-4C6A-ADB2-FE083A3E177F}
		{DBA8B035-F5FC-4402-84D7-33FCC12E53AD} = {189BC8F0-10BE-422D-87CE-53ED8DDB7146}
		{49497B3F-A8A0-4B79-8474-ABCAE601DCDD} = {189BC8F0-10BE-422D-87CE-53ED8DDB7146}
		{4FD910B1-DDAB-4B47-AA98-3286C0F066E7} = {189BC8F0-10BE-422D-87CE-53ED8DDB7146}
		{A960E789-613A-4C9C-AA68-D73CCC9875BD} = {189BC8F0-10BE-422D-87CE-53ED8DDB7146}
		{566EE137-56DA-4925-AB3F-A80D4983A8BB} = {189BC8F0-10BE-422D-87CE-53ED8DDB7146}
		{7E09E307-7425-4AEA-A580-CC8B8FDA30F4} = {189BC8F0-10BE-422D-87CE-53ED8DDB7146}
	EndGlobalSection
	GlobalSection(ExtensibilityGlobals) = postSolution
		SolutionGuid = {EF76A9E3-051A-49AF-9E36-13ED12AECA06}
	EndGlobalSection
EndGlobal
