
Microsoft Visual Studio Solution File, Format Version 12.00
# Visual Studio 15
VisualStudioVersion = 15.0.27004.2002
MinimumVisualStudioVersion = 10.0.40219.1
Project("{2150E333-8FDC-42A3-9474-1A3956D46DE8}") = "src", "src", "{FFA2FB40-D30D-4C6A-ADB2-FE083A3E177F}"
EndProject
Project("{2150E333-8FDC-42A3-9474-1A3956D46DE8}") = "Solution Items", "Solution Items", "{AEB1C29F-4B6A-4BF5-9417-61CCAA9DA9A7}"
EndProject
Project("{2150E333-8FDC-42A3-9474-1A3956D46DE8}") = "Modules", "Modules", "{189BC8F0-10BE-422D-87CE-53ED8DDB7146}"
EndProject
Project("{9A19103F-16F7-4668-BE54-9A1E7A4F7556}") = "Framework", "src\Framework\Framework.csproj", "{4D34B1D8-BA6B-4EC4-8A9A-B9DF67478642}"
EndProject
Project("{9A19103F-16F7-4668-BE54-9A1E7A4F7556}") = "PersonalTrainerControlPanel", "src\MainProject\Modules\PersonalTrainerControlPanel\PersonalTrainerControlPanel.csproj", "{5E12AE83-78CA-4024-89A1-37B1BAB56415}"
EndProject
Project("{9A19103F-16F7-4668-BE54-9A1E7A4F7556}") = "PersonalTrainerCore", "src\MainProject\Modules\PersonalTrainerCore\PersonalTrainerCore.csproj", "{49F956C1-25BA-43B7-AA8B-C3FC3F9F4A9B}"
EndProject
Project("{9A19103F-16F7-4668-BE54-9A1E7A4F7556}") = "PersonalTrainerCore.WebGUI", "src\MainProject\Modules\PersonalTrainerCore.WebGUI\PersonalTrainerCore.WebGUI.csproj", "{1C35982F-3B54-4505-818F-70B47393BCD8}"
EndProject
Project("{9A19103F-16F7-4668-BE54-9A1E7A4F7556}") = "PersonalTrainerDiet", "src\MainProject\Modules\PersonalTrainerDiet\PersonalTrainerDiet.csproj", "{A37697FB-AC04-44C0-BE1F-E0F816079138}"
EndProject
Project("{9A19103F-16F7-4668-BE54-9A1E7A4F7556}") = "PersonalTrainerDiet.WebGUI", "src\MainProject\Modules\PersonalTrainerDiet.WebGUI\PersonalTrainerDiet.WebGUI.csproj", "{5EA91F70-3EE7-4060-BA8A-2B3417E9BEE7}"
EndProject
Project("{9A19103F-16F7-4668-BE54-9A1E7A4F7556}") = "MainProject", "src\MainProject\MainProject.csproj", "{B949927F-098F-45FB-9910-BBBBFB7E4199}"
EndProject
Project("{9A19103F-16F7-4668-BE54-9A1E7A4F7556}") = "PersonalTrainerControlPanel.WebGUI", "src\MainProject\Modules\PersonalTrainerControlPanel.WebGUI\PersonalTrainerControlPanel.WebGUI.csproj", "{AD7DB9FE-60DC-423B-A497-170A418838AD}"
EndProject
Global
	GlobalSection(SolutionConfigurationPlatforms) = preSolution
		Debug|Any CPU = Debug|Any CPU
		Debug|ARM = Debug|ARM
		Debug|x64 = Debug|x64
		Debug|x86 = Debug|x86
		Release|Any CPU = Release|Any CPU
		Release|ARM = Release|ARM
		Release|x64 = Release|x64
		Release|x86 = Release|x86
	EndGlobalSection
	GlobalSection(ProjectConfigurationPlatforms) = postSolution
		{4D34B1D8-BA6B-4EC4-8A9A-B9DF67478642}.Debug|Any CPU.ActiveCfg = Debug|Any CPU
		{4D34B1D8-BA6B-4EC4-8A9A-B9DF67478642}.Debug|Any CPU.Build.0 = Debug|Any CPU
		{4D34B1D8-BA6B-4EC4-8A9A-B9DF67478642}.Debug|ARM.ActiveCfg = Debug|Any CPU
		{4D34B1D8-BA6B-4EC4-8A9A-B9DF67478642}.Debug|ARM.Build.0 = Debug|Any CPU
		{4D34B1D8-BA6B-4EC4-8A9A-B9DF67478642}.Debug|x64.ActiveCfg = Debug|Any CPU
		{4D34B1D8-BA6B-4EC4-8A9A-B9DF67478642}.Debug|x64.Build.0 = Debug|Any CPU
		{4D34B1D8-BA6B-4EC4-8A9A-B9DF67478642}.Debug|x86.ActiveCfg = Debug|Any CPU
		{4D34B1D8-BA6B-4EC4-8A9A-B9DF67478642}.Debug|x86.Build.0 = Debug|Any CPU
		{4D34B1D8-BA6B-4EC4-8A9A-B9DF67478642}.Release|Any CPU.ActiveCfg = Release|Any CPU
		{4D34B1D8-BA6B-4EC4-8A9A-B9DF67478642}.Release|Any CPU.Build.0 = Release|Any CPU
		{4D34B1D8-BA6B-4EC4-8A9A-B9DF67478642}.Release|ARM.ActiveCfg = Release|Any CPU
		{4D34B1D8-BA6B-4EC4-8A9A-B9DF67478642}.Release|ARM.Build.0 = Release|Any CPU
		{4D34B1D8-BA6B-4EC4-8A9A-B9DF67478642}.Release|x64.ActiveCfg = Release|Any CPU
		{4D34B1D8-BA6B-4EC4-8A9A-B9DF67478642}.Release|x64.Build.0 = Release|Any CPU
		{4D34B1D8-BA6B-4EC4-8A9A-B9DF67478642}.Release|x86.ActiveCfg = Release|Any CPU
		{4D34B1D8-BA6B-4EC4-8A9A-B9DF67478642}.Release|x86.Build.0 = Release|Any CPU
		{5E12AE83-78CA-4024-89A1-37B1BAB56415}.Debug|Any CPU.ActiveCfg = Debug|Any CPU
		{5E12AE83-78CA-4024-89A1-37B1BAB56415}.Debug|Any CPU.Build.0 = Debug|Any CPU
		{5E12AE83-78CA-4024-89A1-37B1BAB56415}.Debug|ARM.ActiveCfg = Debug|Any CPU
		{5E12AE83-78CA-4024-89A1-37B1BAB56415}.Debug|ARM.Build.0 = Debug|Any CPU
		{5E12AE83-78CA-4024-89A1-37B1BAB56415}.Debug|x64.ActiveCfg = Debug|Any CPU
		{5E12AE83-78CA-4024-89A1-37B1BAB56415}.Debug|x64.Build.0 = Debug|Any CPU
		{5E12AE83-78CA-4024-89A1-37B1BAB56415}.Debug|x86.ActiveCfg = Debug|Any CPU
		{5E12AE83-78CA-4024-89A1-37B1BAB56415}.Debug|x86.Build.0 = Debug|Any CPU
		{5E12AE83-78CA-4024-89A1-37B1BAB56415}.Release|Any CPU.ActiveCfg = Release|Any CPU
		{5E12AE83-78CA-4024-89A1-37B1BAB56415}.Release|Any CPU.Build.0 = Release|Any CPU
		{5E12AE83-78CA-4024-89A1-37B1BAB56415}.Release|ARM.ActiveCfg = Release|Any CPU
		{5E12AE83-78CA-4024-89A1-37B1BAB56415}.Release|ARM.Build.0 = Release|Any CPU
		{5E12AE83-78CA-4024-89A1-37B1BAB56415}.Release|x64.ActiveCfg = Release|Any CPU
		{5E12AE83-78CA-4024-89A1-37B1BAB56415}.Release|x64.Build.0 = Release|Any CPU
		{5E12AE83-78CA-4024-89A1-37B1BAB56415}.Release|x86.ActiveCfg = Release|Any CPU
		{5E12AE83-78CA-4024-89A1-37B1BAB56415}.Release|x86.Build.0 = Release|Any CPU
		{49F956C1-25BA-43B7-AA8B-C3FC3F9F4A9B}.Debug|Any CPU.ActiveCfg = Debug|Any CPU
		{49F956C1-25BA-43B7-AA8B-C3FC3F9F4A9B}.Debug|Any CPU.Build.0 = Debug|Any CPU
		{49F956C1-25BA-43B7-AA8B-C3FC3F9F4A9B}.Debug|ARM.ActiveCfg = Debug|Any CPU
		{49F956C1-25BA-43B7-AA8B-C3FC3F9F4A9B}.Debug|ARM.Build.0 = Debug|Any CPU
		{49F956C1-25BA-43B7-AA8B-C3FC3F9F4A9B}.Debug|x64.ActiveCfg = Debug|Any CPU
		{49F956C1-25BA-43B7-AA8B-C3FC3F9F4A9B}.Debug|x64.Build.0 = Debug|Any CPU
		{49F956C1-25BA-43B7-AA8B-C3FC3F9F4A9B}.Debug|x86.ActiveCfg = Debug|Any CPU
		{49F956C1-25BA-43B7-AA8B-C3FC3F9F4A9B}.Debug|x86.Build.0 = Debug|Any CPU
		{49F956C1-25BA-43B7-AA8B-C3FC3F9F4A9B}.Release|Any CPU.ActiveCfg = Release|Any CPU
		{49F956C1-25BA-43B7-AA8B-C3FC3F9F4A9B}.Release|Any CPU.Build.0 = Release|Any CPU
		{49F956C1-25BA-43B7-AA8B-C3FC3F9F4A9B}.Release|ARM.ActiveCfg = Release|Any CPU
		{49F956C1-25BA-43B7-AA8B-C3FC3F9F4A9B}.Release|ARM.Build.0 = Release|Any CPU
		{49F956C1-25BA-43B7-AA8B-C3FC3F9F4A9B}.Release|x64.ActiveCfg = Release|Any CPU
		{49F956C1-25BA-43B7-AA8B-C3FC3F9F4A9B}.Release|x64.Build.0 = Release|Any CPU
		{49F956C1-25BA-43B7-AA8B-C3FC3F9F4A9B}.Release|x86.ActiveCfg = Release|Any CPU
		{49F956C1-25BA-43B7-AA8B-C3FC3F9F4A9B}.Release|x86.Build.0 = Release|Any CPU
		{1C35982F-3B54-4505-818F-70B47393BCD8}.Debug|Any CPU.ActiveCfg = Debug|Any CPU
		{1C35982F-3B54-4505-818F-70B47393BCD8}.Debug|Any CPU.Build.0 = Debug|Any CPU
		{1C35982F-3B54-4505-818F-70B47393BCD8}.Debug|ARM.ActiveCfg = Debug|Any CPU
		{1C35982F-3B54-4505-818F-70B47393BCD8}.Debug|ARM.Build.0 = Debug|Any CPU
		{1C35982F-3B54-4505-818F-70B47393BCD8}.Debug|x64.ActiveCfg = Debug|Any CPU
		{1C35982F-3B54-4505-818F-70B47393BCD8}.Debug|x64.Build.0 = Debug|Any CPU
		{1C35982F-3B54-4505-818F-70B47393BCD8}.Debug|x86.ActiveCfg = Debug|Any CPU
		{1C35982F-3B54-4505-818F-70B47393BCD8}.Debug|x86.Build.0 = Debug|Any CPU
		{1C35982F-3B54-4505-818F-70B47393BCD8}.Release|Any CPU.ActiveCfg = Release|Any CPU
		{1C35982F-3B54-4505-818F-70B47393BCD8}.Release|Any CPU.Build.0 = Release|Any CPU
		{1C35982F-3B54-4505-818F-70B47393BCD8}.Release|ARM.ActiveCfg = Release|Any CPU
		{1C35982F-3B54-4505-818F-70B47393BCD8}.Release|ARM.Build.0 = Release|Any CPU
		{1C35982F-3B54-4505-818F-70B47393BCD8}.Release|x64.ActiveCfg = Release|Any CPU
		{1C35982F-3B54-4505-818F-70B47393BCD8}.Release|x64.Build.0 = Release|Any CPU
		{1C35982F-3B54-4505-818F-70B47393BCD8}.Release|x86.ActiveCfg = Release|Any CPU
		{1C35982F-3B54-4505-818F-70B47393BCD8}.Release|x86.Build.0 = Release|Any CPU
		{A37697FB-AC04-44C0-BE1F-E0F816079138}.Debug|Any CPU.ActiveCfg = Debug|Any CPU
		{A37697FB-AC04-44C0-BE1F-E0F816079138}.Debug|Any CPU.Build.0 = Debug|Any CPU
		{A37697FB-AC04-44C0-BE1F-E0F816079138}.Debug|ARM.ActiveCfg = Debug|Any CPU
		{A37697FB-AC04-44C0-BE1F-E0F816079138}.Debug|ARM.Build.0 = Debug|Any CPU
		{A37697FB-AC04-44C0-BE1F-E0F816079138}.Debug|x64.ActiveCfg = Debug|Any CPU
		{A37697FB-AC04-44C0-BE1F-E0F816079138}.Debug|x64.Build.0 = Debug|Any CPU
		{A37697FB-AC04-44C0-BE1F-E0F816079138}.Debug|x86.ActiveCfg = Debug|Any CPU
		{A37697FB-AC04-44C0-BE1F-E0F816079138}.Debug|x86.Build.0 = Debug|Any CPU
		{A37697FB-AC04-44C0-BE1F-E0F816079138}.Release|Any CPU.ActiveCfg = Release|Any CPU
		{A37697FB-AC04-44C0-BE1F-E0F816079138}.Release|Any CPU.Build.0 = Release|Any CPU
		{A37697FB-AC04-44C0-BE1F-E0F816079138}.Release|ARM.ActiveCfg = Release|Any CPU
		{A37697FB-AC04-44C0-BE1F-E0F816079138}.Release|ARM.Build.0 = Release|Any CPU
		{A37697FB-AC04-44C0-BE1F-E0F816079138}.Release|x64.ActiveCfg = Release|Any CPU
		{A37697FB-AC04-44C0-BE1F-E0F816079138}.Release|x64.Build.0 = Release|Any CPU
		{A37697FB-AC04-44C0-BE1F-E0F816079138}.Release|x86.ActiveCfg = Release|Any CPU
		{A37697FB-AC04-44C0-BE1F-E0F816079138}.Release|x86.Build.0 = Release|Any CPU
		{5EA91F70-3EE7-4060-BA8A-2B3417E9BEE7}.Debug|Any CPU.ActiveCfg = Debug|Any CPU
		{5EA91F70-3EE7-4060-BA8A-2B3417E9BEE7}.Debug|Any CPU.Build.0 = Debug|Any CPU
		{5EA91F70-3EE7-4060-BA8A-2B3417E9BEE7}.Debug|ARM.ActiveCfg = Debug|Any CPU
		{5EA91F70-3EE7-4060-BA8A-2B3417E9BEE7}.Debug|ARM.Build.0 = Debug|Any CPU
		{5EA91F70-3EE7-4060-BA8A-2B3417E9BEE7}.Debug|x64.ActiveCfg = Debug|Any CPU
		{5EA91F70-3EE7-4060-BA8A-2B3417E9BEE7}.Debug|x64.Build.0 = Debug|Any CPU
		{5EA91F70-3EE7-4060-BA8A-2B3417E9BEE7}.Debug|x86.ActiveCfg = Debug|Any CPU
		{5EA91F70-3EE7-4060-BA8A-2B3417E9BEE7}.Debug|x86.Build.0 = Debug|Any CPU
		{5EA91F70-3EE7-4060-BA8A-2B3417E9BEE7}.Release|Any CPU.ActiveCfg = Release|Any CPU
		{5EA91F70-3EE7-4060-BA8A-2B3417E9BEE7}.Release|Any CPU.Build.0 = Release|Any CPU
		{5EA91F70-3EE7-4060-BA8A-2B3417E9BEE7}.Release|ARM.ActiveCfg = Release|Any CPU
		{5EA91F70-3EE7-4060-BA8A-2B3417E9BEE7}.Release|ARM.Build.0 = Release|Any CPU
		{5EA91F70-3EE7-4060-BA8A-2B3417E9BEE7}.Release|x64.ActiveCfg = Release|Any CPU
		{5EA91F70-3EE7-4060-BA8A-2B3417E9BEE7}.Release|x64.Build.0 = Release|Any CPU
		{5EA91F70-3EE7-4060-BA8A-2B3417E9BEE7}.Release|x86.ActiveCfg = Release|Any CPU
		{5EA91F70-3EE7-4060-BA8A-2B3417E9BEE7}.Release|x86.Build.0 = Release|Any CPU
		{B949927F-098F-45FB-9910-BBBBFB7E4199}.Debug|Any CPU.ActiveCfg = Debug|Any CPU
		{B949927F-098F-45FB-9910-BBBBFB7E4199}.Debug|Any CPU.Build.0 = Debug|Any CPU
		{B949927F-098F-45FB-9910-BBBBFB7E4199}.Debug|ARM.ActiveCfg = Debug|Any CPU
		{B949927F-098F-45FB-9910-BBBBFB7E4199}.Debug|ARM.Build.0 = Debug|Any CPU
		{B949927F-098F-45FB-9910-BBBBFB7E4199}.Debug|x64.ActiveCfg = Debug|Any CPU
		{B949927F-098F-45FB-9910-BBBBFB7E4199}.Debug|x64.Build.0 = Debug|Any CPU
		{B949927F-098F-45FB-9910-BBBBFB7E4199}.Debug|x86.ActiveCfg = Debug|Any CPU
		{B949927F-098F-45FB-9910-BBBBFB7E4199}.Debug|x86.Build.0 = Debug|Any CPU
		{B949927F-098F-45FB-9910-BBBBFB7E4199}.Release|Any CPU.ActiveCfg = Release|Any CPU
		{B949927F-098F-45FB-9910-BBBBFB7E4199}.Release|Any CPU.Build.0 = Release|Any CPU
		{B949927F-098F-45FB-9910-BBBBFB7E4199}.Release|ARM.ActiveCfg = Release|Any CPU
		{B949927F-098F-45FB-9910-BBBBFB7E4199}.Release|ARM.Build.0 = Release|Any CPU
		{B949927F-098F-45FB-9910-BBBBFB7E4199}.Release|x64.ActiveCfg = Release|Any CPU
		{B949927F-098F-45FB-9910-BBBBFB7E4199}.Release|x64.Build.0 = Release|Any CPU
		{B949927F-098F-45FB-9910-BBBBFB7E4199}.Release|x86.ActiveCfg = Release|Any CPU
		{B949927F-098F-45FB-9910-BBBBFB7E4199}.Release|x86.Build.0 = Release|Any CPU
		{AD7DB9FE-60DC-423B-A497-170A418838AD}.Debug|Any CPU.ActiveCfg = Debug|Any CPU
		{AD7DB9FE-60DC-423B-A497-170A418838AD}.Debug|Any CPU.Build.0 = Debug|Any CPU
		{AD7DB9FE-60DC-423B-A497-170A418838AD}.Debug|ARM.ActiveCfg = Debug|Any CPU
		{AD7DB9FE-60DC-423B-A497-170A418838AD}.Debug|ARM.Build.0 = Debug|Any CPU
		{AD7DB9FE-60DC-423B-A497-170A418838AD}.Debug|x64.ActiveCfg = Debug|Any CPU
		{AD7DB9FE-60DC-423B-A497-170A418838AD}.Debug|x64.Build.0 = Debug|Any CPU
		{AD7DB9FE-60DC-423B-A497-170A418838AD}.Debug|x86.ActiveCfg = Debug|Any CPU
		{AD7DB9FE-60DC-423B-A497-170A418838AD}.Debug|x86.Build.0 = Debug|Any CPU
		{AD7DB9FE-60DC-423B-A497-170A418838AD}.Release|Any CPU.ActiveCfg = Release|Any CPU
		{AD7DB9FE-60DC-423B-A497-170A418838AD}.Release|Any CPU.Build.0 = Release|Any CPU
		{AD7DB9FE-60DC-423B-A497-170A418838AD}.Release|ARM.ActiveCfg = Release|Any CPU
		{AD7DB9FE-60DC-423B-A497-170A418838AD}.Release|ARM.Build.0 = Release|Any CPU
		{AD7DB9FE-60DC-423B-A497-170A418838AD}.Release|x64.ActiveCfg = Release|Any CPU
		{AD7DB9FE-60DC-423B-A497-170A418838AD}.Release|x64.Build.0 = Release|Any CPU
		{AD7DB9FE-60DC-423B-A497-170A418838AD}.Release|x86.ActiveCfg = Release|Any CPU
		{AD7DB9FE-60DC-423B-A497-170A418838AD}.Release|x86.Build.0 = Release|Any CPU
	EndGlobalSection
	GlobalSection(SolutionProperties) = preSolution
		HideSolutionNode = FALSE
	EndGlobalSection
	GlobalSection(NestedProjects) = preSolution
		{189BC8F0-10BE-422D-87CE-53ED8DDB7146} = {FFA2FB40-D30D-4C6A-ADB2-FE083A3E177F}
		{4D34B1D8-BA6B-4EC4-8A9A-B9DF67478642} = {FFA2FB40-D30D-4C6A-ADB2-FE083A3E177F}
		{5E12AE83-78CA-4024-89A1-37B1BAB56415} = {189BC8F0-10BE-422D-87CE-53ED8DDB7146}
		{49F956C1-25BA-43B7-AA8B-C3FC3F9F4A9B} = {189BC8F0-10BE-422D-87CE-53ED8DDB7146}
		{1C35982F-3B54-4505-818F-70B47393BCD8} = {189BC8F0-10BE-422D-87CE-53ED8DDB7146}
		{A37697FB-AC04-44C0-BE1F-E0F816079138} = {189BC8F0-10BE-422D-87CE-53ED8DDB7146}
		{5EA91F70-3EE7-4060-BA8A-2B3417E9BEE7} = {189BC8F0-10BE-422D-87CE-53ED8DDB7146}
		{B949927F-098F-45FB-9910-BBBBFB7E4199} = {FFA2FB40-D30D-4C6A-ADB2-FE083A3E177F}
		{AD7DB9FE-60DC-423B-A497-170A418838AD} = {189BC8F0-10BE-422D-87CE-53ED8DDB7146}
	EndGlobalSection
	GlobalSection(ExtensibilityGlobals) = postSolution
		SolutionGuid = {EF76A9E3-051A-49AF-9E36-13ED12AECA06}
	EndGlobalSection
EndGlobal
